
Microsoft Visual Studio Solution File, Format Version 12.00
# Visual Studio Version 16
VisualStudioVersion = 16.0.29613.14
MinimumVisualStudioVersion = 10.0.40219.1
Project("{FAE04EC0-301F-11D3-BF4B-00C04F79EFBC}") = "CheckPoint1", "CheckPoint1.csproj", "{0A258A24-77A5-474B-BD37-B624077A8F54}"
EndProject
Global
	GlobalSection(SolutionConfigurationPlatforms) = preSolution
		Debug|Any CPU = Debug|Any CPU
		Release|Any CPU = Release|Any CPU
	EndGlobalSection
	GlobalSection(ProjectConfigurationPlatforms) = postSolution
		{0A258A24-77A5-474B-BD37-B624077A8F54}.Debug|Any CPU.ActiveCfg = Debug|Any CPU
		{0A258A24-77A5-474B-BD37-B624077A8F54}.Debug|Any CPU.Build.0 = Debug|Any CPU
		{0A258A24-77A5-474B-BD37-B624077A8F54}.Release|Any CPU.ActiveCfg = Release|Any CPU
		{0A258A24-77A5-474B-BD37-B624077A8F54}.Release|Any CPU.Build.0 = Release|Any CPU
	EndGlobalSection
	GlobalSection(SolutionProperties) = preSolution
		HideSolutionNode = FALSE
	EndGlobalSection
	GlobalSection(ExtensibilityGlobals) = postSolution
		SolutionGuid = {F4EFD9E5-3D4A-4FFB-9BA2-89EB651A1BD6}
	EndGlobalSection
EndGlobal
